// !$*UTF8*$!
{
	archiveVersion = 1;
	classes = {
	};
	objectVersion = 46;
	objects = {

/* Begin PBXBuildFile section */
		D95C4D891ED35997008D4FC7 /* AppDelegate.swift in Sources */ = {isa = PBXBuildFile; fileRef = D95C4D881ED35997008D4FC7 /* AppDelegate.swift */; };
		D95C4D8B1ED35997008D4FC7 /* ViewController.swift in Sources */ = {isa = PBXBuildFile; fileRef = D95C4D8A1ED35997008D4FC7 /* ViewController.swift */; };
		D95C4D8E1ED35997008D4FC7 /* Main.storyboard in Resources */ = {isa = PBXBuildFile; fileRef = D95C4D8C1ED35997008D4FC7 /* Main.storyboard */; };
		D95C4D901ED35997008D4FC7 /* Assets.xcassets in Resources */ = {isa = PBXBuildFile; fileRef = D95C4D8F1ED35997008D4FC7 /* Assets.xcassets */; };
		D95C4D931ED35997008D4FC7 /* LaunchScreen.storyboard in Resources */ = {isa = PBXBuildFile; fileRef = D95C4D911ED35997008D4FC7 /* LaunchScreen.storyboard */; };
/* End PBXBuildFile section */

/* Begin PBXFileReference section */
		D95C4D851ED35997008D4FC7 /* ladderPromise.app */ = {isa = PBXFileReference; explicitFileType = wrapper.application; includeInIndex = 0; path = ladderPromise.app; sourceTree = BUILT_PRODUCTS_DIR; };
		D95C4D881ED35997008D4FC7 /* AppDelegate.swift */ = {isa = PBXFileReference; lastKnownFileType = sourcecode.swift; path = AppDelegate.swift; sourceTree = "<group>"; };
		D95C4D8A1ED35997008D4FC7 /* ViewController.swift */ = {isa = PBXFileReference; lastKnownFileType = sourcecode.swift; path = ViewController.swift; sourceTree = "<group>"; };
		D95C4D8D1ED35997008D4FC7 /* Base */ = {isa = PBXFileReference; lastKnownFileType = file.storyboard; name = Base; path = Base.lproj/Main.storyboard; sourceTree = "<group>"; };
		D95C4D8F1ED35997008D4FC7 /* Assets.xcassets */ = {isa = PBXFileReference; lastKnownFileType = folder.assetcatalog; path = Assets.xcassets; sourceTree = "<group>"; };
		D95C4D921ED35997008D4FC7 /* Base */ = {isa = PBXFileReference; lastKnownFileType = file.storyboard; name = Base; path = Base.lproj/LaunchScreen.storyboard; sourceTree = "<group>"; };
		D95C4D941ED35997008D4FC7 /* Info.plist */ = {isa = PBXFileReference; lastKnownFileType = text.plist.xml; path = Info.plist; sourceTree = "<group>"; };
/* End PBXFileReference section */

/* Begin PBXFrameworksBuildPhase section */
		D95C4D821ED35997008D4FC7 /* Frameworks */ = {
			isa = PBXFrameworksBuildPhase;
			buildActionMask = 2147483647;
			files = (
			);
			runOnlyForDeploymentPostprocessing = 0;
		};
/* End PBXFrameworksBuildPhase section */

/* Begin PBXGroup section */
		D95C4D7C1ED35996008D4FC7 = {
			isa = PBXGroup;
			children = (
				D95C4D871ED35997008D4FC7 /* ladderPromise */,
				D95C4D861ED35997008D4FC7 /* Products */,
			);
			sourceTree = "<group>";
		};
		D95C4D861ED35997008D4FC7 /* Products */ = {
			isa = PBXGroup;
			children = (
				D95C4D851ED35997008D4FC7 /* ladderPromise.app */,
			);
			name = Products;
			sourceTree = "<group>";
		};
		D95C4D871ED35997008D4FC7 /* ladderPromise */ = {
			isa = PBXGroup;
			children = (
				D95C4D881ED35997008D4FC7 /* AppDelegate.swift */,
				D95C4D8A1ED35997008D4FC7 /* ViewController.swift */,
				D95C4D8C1ED35997008D4FC7 /* Main.storyboard */,
				D95C4D8F1ED35997008D4FC7 /* Assets.xcassets */,
				D95C4D911ED35997008D4FC7 /* LaunchScreen.storyboard */,
				D95C4D941ED35997008D4FC7 /* Info.plist */,
			);
			path = ladderPromise;
			sourceTree = "<group>";
		};
/* End PBXGroup section */

/* Begin PBXNativeTarget section */
		D95C4D841ED35997008D4FC7 /* ladderPromise */ = {
			isa = PBXNativeTarget;
			buildConfigurationList = D95C4D971ED35997008D4FC7 /* Build configuration list for PBXNativeTarget "ladderPromise" */;
			buildPhases = (
				D95C4D811ED35997008D4FC7 /* Sources */,
				D95C4D821ED35997008D4FC7 /* Frameworks */,
				D95C4D831ED35997008D4FC7 /* Resources */,
			);
			buildRules = (
			);
			dependencies = (
			);
			name = ladderPromise;
			productName = ladderPromise;
			productReference = D95C4D851ED35997008D4FC7 /* ladderPromise.app */;
			productType = "com.apple.product-type.application";
		};
/* End PBXNativeTarget section */

/* Begin PBXProject section */
		D95C4D7D1ED35996008D4FC7 /* Project object */ = {
			isa = PBXProject;
			attributes = {
				LastSwiftUpdateCheck = 0830;
				LastUpgradeCheck = 0830;
				ORGANIZATIONNAME = "Ivan Minier";
				TargetAttributes = {
					D95C4D841ED35997008D4FC7 = {
						CreatedOnToolsVersion = 8.3.2;
						DevelopmentTeam = 543V5E2ARZ;
						ProvisioningStyle = Automatic;
					};
				};
			};
			buildConfigurationList = D95C4D801ED35996008D4FC7 /* Build configuration list for PBXProject "ladderPromise" */;
			compatibilityVersion = "Xcode 3.2";
			developmentRegion = English;
			hasScannedForEncodings = 0;
			knownRegions = (
				en,
				Base,
			);
			mainGroup = D95C4D7C1ED35996008D4FC7;
			productRefGroup = D95C4D861ED35997008D4FC7 /* Products */;
			projectDirPath = "";
			projectRoot = "";
			targets = (
				D95C4D841ED35997008D4FC7 /* ladderPromise */,
			);
		};
/* End PBXProject section */

/* Begin PBXResourcesBuildPhase section */
		D95C4D831ED35997008D4FC7 /* Resources */ = {
			isa = PBXResourcesBuildPhase;
			buildActionMask = 2147483647;
			files = (
				D95C4D931ED35997008D4FC7 /* LaunchScreen.storyboard in Resources */,
				D95C4D901ED35997008D4FC7 /* Assets.xcassets in Resources */,
				D95C4D8E1ED35997008D4FC7 /* Main.storyboard in Resources */,
			);
			runOnlyForDeploymentPostprocessing = 0;
		};
/* End PBXResourcesBuildPhase section */

/* Begin PBXSourcesBuildPhase section */
		D95C4D811ED35997008D4FC7 /* Sources */ = {
			isa = PBXSourcesBuildPhase;
			buildActionMask = 2147483647;
			files = (
				D95C4D8B1ED35997008D4FC7 /* ViewController.swift in Sources */,
				D95C4D891ED35997008D4FC7 /* AppDelegate.swift in Sources */,
			);
			runOnlyForDeploymentPostprocessing = 0;
		};
/* End PBXSourcesBuildPhase section */

/* Begin PBXVariantGroup section */
		D95C4D8C1ED35997008D4FC7 /* Main.storyboard */ = {
			isa = PBXVariantGroup;
			children = (
				D95C4D8D1ED35997008D4FC7 /* Base */,
			);
			name = Main.storyboard;
			sourceTree = "<group>";
		};
		D95C4D911ED35997008D4FC7 /* LaunchScreen.storyboard */ = {
			isa = PBXVariantGroup;
			children = (
				D95C4D921ED35997008D4FC7 /* Base */,
			);
			name = LaunchScreen.storyboard;
			sourceTree = "<group>";
		};
/* End PBXVariantGroup section */

/* Begin XCBuildConfiguration section */
		D95C4D951ED35997008D4FC7 /* Debug */ = {
			isa = XCBuildConfiguration;
			buildSettings = {
				ALWAYS_SEARCH_USER_PATHS = NO;
				CLANG_ANALYZER_NONNULL = YES;
				CLANG_ANALYZER_NUMBER_OBJECT_CONVERSION = YES_AGGRESSIVE;
				CLANG_CXX_LANGUAGE_STANDARD = "gnu++0x";
				CLANG_CXX_LIBRARY = "libc++";
				CLANG_ENABLE_MODULES = YES;
				CLANG_ENABLE_OBJC_ARC = YES;
				CLANG_WARN_BOOL_CONVERSION = YES;
				CLANG_WARN_CONSTANT_CONVERSION = YES;
				CLANG_WARN_DIRECT_OBJC_ISA_USAGE = YES_ERROR;
				CLANG_WARN_DOCUMENTATION_COMMENTS = YES;
				CLANG_WARN_EMPTY_BODY = YES;
				CLANG_WARN_ENUM_CONVERSION = YES;
				CLANG_WARN_INFINITE_RECURSION = YES;
				CLANG_WARN_INT_CONVERSION = YES;
				CLANG_WARN_OBJC_ROOT_CLASS = YES_ERROR;
				CLANG_WARN_SUSPICIOUS_MOVE = YES;
				CLANG_WARN_UNREACHABLE_CODE = YES;
				CLANG_WARN__DUPLICATE_METHOD_MATCH = YES;
				"CODE_SIGN_IDENTITY[sdk=iphoneos*]" = "iPhone Developer";
				COPY_PHASE_STRIP = NO;
				DEBUG_INFORMATION_FORMAT = dwarf;
				ENABLE_STRICT_OBJC_MSGSEND = YES;
				ENABLE_TESTABILITY = YES;
				GCC_C_LANGUAGE_STANDARD = gnu99;
				GCC_DYNAMIC_NO_PIC = NO;
				GCC_NO_COMMON_BLOCKS = YES;
				GCC_OPTIMIZATION_LEVEL = 0;
				GCC_PREPROCESSOR_DEFINITIONS = (
					"DEBUG=1",
					"$(inherited)",
				);
				GCC_WARN_64_TO_32_BIT_CONVERSION = YES;
				GCC_WARN_ABOUT_RETURN_TYPE = YES_ERROR;
				GCC_WARN_UNDECLARED_SELECTOR = YES;
				GCC_WARN_UNINITIALIZED_AUTOS = YES_AGGRESSIVE;
				GCC_WARN_UNUSED_FUNCTION = YES;
				GCC_WARN_UNUSED_VARIABLE = YES;
				IPHONEOS_DEPLOYMENT_TARGET = 10.3;
				MTL_ENABLE_DEBUG_INFO = YES;
				ONLY_ACTIVE_ARCH = YES;
				SDKROOT = iphoneos;
				SWIFT_ACTIVE_COMPILATION_CONDITIONS = DEBUG;
				SWIFT_OPTIMIZATION_LEVEL = "-Onone";
				TARGETED_DEVICE_FAMILY = "1,2";
			};
			name = Debug;
		};
		D95C4D961ED35997008D4FC7 /* Release */ = {
			isa = XCBuildConfiguration;
			buildSettings = {
				ALWAYS_SEARCH_USER_PATHS = NO;
				CLANG_ANALYZER_NONNULL = YES;
				CLANG_ANALYZER_NUMBER_OBJECT_CONVERSION = YES_AGGRESSIVE;
				CLANG_CXX_LANGUAGE_STANDARD = "gnu++0x";
				CLANG_CXX_LIBRARY = "libc++";
				CLANG_ENABLE_MODULES = YES;
				CLANG_ENABLE_OBJC_ARC = YES;
				CLANG_WARN_BOOL_CONVERSION = YES;
				CLANG_WARN_CONSTANT_CONVERSION = YES;
				CLANG_WARN_DIRECT_OBJC_ISA_USAGE = YES_ERROR;
				CLANG_WARN_DOCUMENTATION_COMMENTS = YES;
				CLANG_WARN_EMPTY_BODY = YES;
				CLANG_WARN_ENUM_CONVERSION = YES;
				CLANG_WARN_INFINITE_RECURSION = YES;
				CLANG_WARN_INT_CONVERSION = YES;
				CLANG_WARN_OBJC_ROOT_CLASS = YES_ERROR;
				CLANG_WARN_SUSPICIOUS_MOVE = YES;
				CLANG_WARN_UNREACHABLE_CODE = YES;
				CLANG_WARN__DUPLICATE_METHOD_MATCH = YES;
				"CODE_SIGN_IDENTITY[sdk=iphoneos*]" = "iPhone Developer";
				COPY_PHASE_STRIP = NO;
				DEBUG_INFORMATION_FORMAT = "dwarf-with-dsym";
				ENABLE_NS_ASSERTIONS = NO;
				ENABLE_STRICT_OBJC_MSGSEND = YES;
				GCC_C_LANGUAGE_STANDARD = gnu99;
				GCC_NO_COMMON_BLOCKS = YES;
				GCC_WARN_64_TO_32_BIT_CONVERSION = YES;
				GCC_WARN_ABOUT_RETURN_TYPE = YES_ERROR;
				GCC_WARN_UNDECLARED_SELECTOR = YES;
				GCC_WARN_UNINITIALIZED_AUTOS = YES_AGGRESSIVE;
				GCC_WARN_UNUSED_FUNCTION = YES;
				GCC_WARN_UNUSED_VARIABLE = YES;
				IPHONEOS_DEPLOYMENT_TARGET = 10.3;
				MTL_ENABLE_DEBUG_INFO = NO;
				SDKROOT = iphoneos;
				SWIFT_OPTIMIZATION_LEVEL = "-Owholemodule";
				TARGETED_DEVICE_FAMILY = "1,2";
				VALIDATE_PRODUCT = YES;
			};
			name = Release;
		};
		D95C4D981ED35997008D4FC7 /* Debug */ = {
			isa = XCBuildConfiguration;
			buildSettings = {
				ASSETCATALOG_COMPILER_APPICON_NAME = AppIcon;
				DEVELOPMENT_TEAM = 543V5E2ARZ;
				INFOPLIST_FILE = ladderPromise/Info.plist;
				LD_RUNPATH_SEARCH_PATHS = "$(inherited) @executable_path/Frameworks";
				PRODUCT_BUNDLE_IDENTIFIER = com.ivanminier.ladderPromise;
				PRODUCT_NAME = "$(TARGET_NAME)";
				SWIFT_VERSION = 3.0;
			};
			name = Debug;
		};
		D95C4D991ED35997008D4FC7 /* Release */ = {
			isa = XCBuildConfiguration;
			buildSettings = {
				ASSETCATALOG_COMPILER_APPICON_NAME = AppIcon;
				DEVELOPMENT_TEAM = 543V5E2ARZ;
				INFOPLIST_FILE = ladderPromise/Info.plist;
				LD_RUNPATH_SEARCH_PATHS = "$(inherited) @executable_path/Frameworks";
				PRODUCT_BUNDLE_IDENTIFIER = com.ivanminier.ladderPromise;
				PRODUCT_NAME = "$(TARGET_NAME)";
				SWIFT_VERSION = 3.0;
			};
			name = Release;
		};
/* End XCBuildConfiguration section */

/* Begin XCConfigurationList section */
		D95C4D801ED35996008D4FC7 /* Build configuration list for PBXProject "ladderPromise" */ = {
			isa = XCConfigurationList;
			buildConfigurations = (
				D95C4D951ED35997008D4FC7 /* Debug */,
				D95C4D961ED35997008D4FC7 /* Release */,
			);
			defaultConfigurationIsVisible = 0;
			defaultConfigurationName = Release;
		};
		D95C4D971ED35997008D4FC7 /* Build configuration list for PBXNativeTarget "ladderPromise" */ = {
			isa = XCConfigurationList;
			buildConfigurations = (
				D95C4D981ED35997008D4FC7 /* Debug */,
				D95C4D991ED35997008D4FC7 /* Release */,
			);
			defaultConfigurationIsVisible = 0;
		};
/* End XCConfigurationList section */
	};
	rootObject = D95C4D7D1ED35996008D4FC7 /* Project object */;
}
